// !$*UTF8*$!
{
	archiveVersion = 1;
	classes = {
	};
	objectVersion = 77;
	objects = {

/* Begin PBXContainerItemProxy section */
		BB5869E32E4CA36500451966 /* PBXContainerItemProxy */ = {
			isa = PBXContainerItemProxy;
			containerPortal = BB5869CB2E4CA36300451966 /* Project object */;
			proxyType = 1;
			remoteGlobalIDString = BB5869D22E4CA36300451966;
			remoteInfo = "Tik-tok-clone";
		};
		BB5869ED2E4CA36500451966 /* PBXContainerItemProxy */ = {
			isa = PBXContainerItemProxy;
			containerPortal = BB5869CB2E4CA36300451966 /* Project object */;
			proxyType = 1;
			remoteGlobalIDString = BB5869D22E4CA36300451966;
			remoteInfo = "Tik-tok-clone";
		};
/* End PBXContainerItemProxy section */

/* Begin PBXFileReference section */
		BB5869D32E4CA36300451966 /* Tik-tok-clone.app */ = {isa = PBXFileReference; explicitFileType = wrapper.application; includeInIndex = 0; path = "Tik-tok-clone.app"; sourceTree = BUILT_PRODUCTS_DIR; };
		BB5869E22E4CA36500451966 /* Tik-tok-cloneTests.xctest */ = {isa = PBXFileReference; explicitFileType = wrapper.cfbundle; includeInIndex = 0; path = "Tik-tok-cloneTests.xctest"; sourceTree = BUILT_PRODUCTS_DIR; };
		BB5869EC2E4CA36500451966 /* Tik-tok-cloneUITests.xctest */ = {isa = PBXFileReference; explicitFileType = wrapper.cfbundle; includeInIndex = 0; path = "Tik-tok-cloneUITests.xctest"; sourceTree = BUILT_PRODUCTS_DIR; };
/* End PBXFileReference section */

/* Begin PBXFileSystemSynchronizedBuildFileExceptionSet section */
		BB586A732E4CB9AB00451966 /* Exceptions for "Tik-tok-clone" folder in "Tik-tok-clone" target */ = {
			isa = PBXFileSystemSynchronizedBuildFileExceptionSet;
			membershipExceptions = (
				Info.plist,
			);
			target = BB5869D22E4CA36300451966 /* Tik-tok-clone */;
		};
/* End PBXFileSystemSynchronizedBuildFileExceptionSet section */

/* Begin PBXFileSystemSynchronizedRootGroup section */
		BB5869D52E4CA36300451966 /* Tik-tok-clone */ = {
			isa = PBXFileSystemSynchronizedRootGroup;
			exceptions = (
				BB586A732E4CB9AB00451966 /* Exceptions for "Tik-tok-clone" folder in "Tik-tok-clone" target */,
			);
			path = "Tik-tok-clone";
			sourceTree = "<group>";
		};
		BB5869E52E4CA36500451966 /* Tik-tok-cloneTests */ = {
			isa = PBXFileSystemSynchronizedRootGroup;
			path = "Tik-tok-cloneTests";
			sourceTree = "<group>";
		};
		BB5869EF2E4CA36500451966 /* Tik-tok-cloneUITests */ = {
			isa = PBXFileSystemSynchronizedRootGroup;
			path = "Tik-tok-cloneUITests";
			sourceTree = "<group>";
		};
/* End PBXFileSystemSynchronizedRootGroup section */

/* Begin PBXFrameworksBuildPhase section */
		BB5869D02E4CA36300451966 /* Frameworks */ = {
			isa = PBXFrameworksBuildPhase;
			buildActionMask = 2147483647;
			files = (
			);
			runOnlyForDeploymentPostprocessing = 0;
		};
		BB5869DF2E4CA36500451966 /* Frameworks */ = {
			isa = PBXFrameworksBuildPhase;
			buildActionMask = 2147483647;
			files = (
			);
			runOnlyForDeploymentPostprocessing = 0;
		};
		BB5869E92E4CA36500451966 /* Frameworks */ = {
			isa = PBXFrameworksBuildPhase;
			buildActionMask = 2147483647;
			files = (
			);
			runOnlyForDeploymentPostprocessing = 0;
		};
/* End PBXFrameworksBuildPhase section */

/* Begin PBXGroup section */
		BB5869CA2E4CA36300451966 = {
			isa = PBXGroup;
			children = (
				BB5869D52E4CA36300451966 /* Tik-tok-clone */,
				BB5869E52E4CA36500451966 /* Tik-tok-cloneTests */,
				BB5869EF2E4CA36500451966 /* Tik-tok-cloneUITests */,
				BB5869D42E4CA36300451966 /* Products */,
			);
			sourceTree = "<group>";
		};
		BB5869D42E4CA36300451966 /* Products */ = {
			isa = PBXGroup;
			children = (
				BB5869D32E4CA36300451966 /* Tik-tok-clone.app */,
				BB5869E22E4CA36500451966 /* Tik-tok-cloneTests.xctest */,
				BB5869EC2E4CA36500451966 /* Tik-tok-cloneUITests.xctest */,
			);
			name = Products;
			sourceTree = "<group>";
		};
/* End PBXGroup section */

/* Begin PBXNativeTarget section */
		BB5869D22E4CA36300451966 /* Tik-tok-clone */ = {
			isa = PBXNativeTarget;
			buildConfigurationList = BB5869F62E4CA36500451966 /* Build configuration list for PBXNativeTarget "Tik-tok-clone" */;
			buildPhases = (
				BB5869CF2E4CA36300451966 /* Sources */,
				BB5869D02E4CA36300451966 /* Frameworks */,
				BB5869D12E4CA36300451966 /* Resources */,
			);
			buildRules = (
			);
			dependencies = (
			);
			fileSystemSynchronizedGroups = (
				BB5869D52E4CA36300451966 /* Tik-tok-clone */,
			);
			name = "Tik-tok-clone";
			packageProductDependencies = (
			);
			productName = "Tik-tok-clone";
			productReference = BB5869D32E4CA36300451966 /* Tik-tok-clone.app */;
			productType = "com.apple.product-type.application";
		};
		BB5869E12E4CA36500451966 /* Tik-tok-cloneTests */ = {
			isa = PBXNativeTarget;
			buildConfigurationList = BB5869F92E4CA36500451966 /* Build configuration list for PBXNativeTarget "Tik-tok-cloneTests" */;
			buildPhases = (
				BB5869DE2E4CA36500451966 /* Sources */,
				BB5869DF2E4CA36500451966 /* Frameworks */,
				BB5869E02E4CA36500451966 /* Resources */,
			);
			buildRules = (
			);
			dependencies = (
				BB5869E42E4CA36500451966 /* PBXTargetDependency */,
			);
			fileSystemSynchronizedGroups = (
				BB5869E52E4CA36500451966 /* Tik-tok-cloneTests */,
			);
			name = "Tik-tok-cloneTests";
			packageProductDependencies = (
			);
			productName = "Tik-tok-cloneTests";
			productReference = BB5869E22E4CA36500451966 /* Tik-tok-cloneTests.xctest */;
			productType = "com.apple.product-type.bundle.unit-test";
		};
		BB5869EB2E4CA36500451966 /* Tik-tok-cloneUITests */ = {
			isa = PBXNativeTarget;
			buildConfigurationList = BB5869FC2E4CA36500451966 /* Build configuration list for PBXNativeTarget "Tik-tok-cloneUITests" */;
			buildPhases = (
				BB5869E82E4CA36500451966 /* Sources */,
				BB5869E92E4CA36500451966 /* Frameworks */,
				BB5869EA2E4CA36500451966 /* Resources */,
			);
			buildRules = (
			);
			dependencies = (
				BB5869EE2E4CA36500451966 /* PBXTargetDependency */,
			);
			fileSystemSynchronizedGroups = (
				BB5869EF2E4CA36500451966 /* Tik-tok-cloneUITests */,
			);
			name = "Tik-tok-cloneUITests";
			packageProductDependencies = (
			);
			productName = "Tik-tok-cloneUITests";
			productReference = BB5869EC2E4CA36500451966 /* Tik-tok-cloneUITests.xctest */;
			productType = "com.apple.product-type.bundle.ui-testing";
		};
/* End PBXNativeTarget section */

/* Begin PBXProject section */
		BB5869CB2E4CA36300451966 /* Project object */ = {
			isa = PBXProject;
			attributes = {
				BuildIndependentTargetsInParallel = 1;
				LastSwiftUpdateCheck = 1640;
				LastUpgradeCheck = 1640;
				TargetAttributes = {
					BB5869D22E4CA36300451966 = {
						CreatedOnToolsVersion = 16.4;
					};
					BB5869E12E4CA36500451966 = {
						CreatedOnToolsVersion = 16.4;
						TestTargetID = BB5869D22E4CA36300451966;
					};
					BB5869EB2E4CA36500451966 = {
						CreatedOnToolsVersion = 16.4;
						TestTargetID = BB5869D22E4CA36300451966;
					};
				};
			};
			buildConfigurationList = BB5869CE2E4CA36300451966 /* Build configuration list for PBXProject "Tik-tok-clone" */;
			developmentRegion = en;
			hasScannedForEncodings = 0;
			knownRegions = (
				en,
				Base,
			);
			mainGroup = BB5869CA2E4CA36300451966;
			minimizedProjectReferenceProxies = 1;
			preferredProjectObjectVersion = 77;
			productRefGroup = BB5869D42E4CA36300451966 /* Products */;
			projectDirPath = "";
			projectRoot = "";
			targets = (
				BB5869D22E4CA36300451966 /* Tik-tok-clone */,
				BB5869E12E4CA36500451966 /* Tik-tok-cloneTests */,
				BB5869EB2E4CA36500451966 /* Tik-tok-cloneUITests */,
			);
		};
/* End PBXProject section */

/* Begin PBXResourcesBuildPhase section */
		BB5869D12E4CA36300451966 /* Resources */ = {
			isa = PBXResourcesBuildPhase;
			buildActionMask = 2147483647;
			files = (
			);
			runOnlyForDeploymentPostprocessing = 0;
		};
		BB5869E02E4CA36500451966 /* Resources */ = {
			isa = PBXResourcesBuildPhase;
			buildActionMask = 2147483647;
			files = (
			);
			runOnlyForDeploymentPostprocessing = 0;
		};
		BB5869EA2E4CA36500451966 /* Resources */ = {
			isa = PBXResourcesBuildPhase;
			buildActionMask = 2147483647;
			files = (
			);
			runOnlyForDeploymentPostprocessing = 0;
		};
/* End PBXResourcesBuildPhase section */

/* Begin PBXSourcesBuildPhase section */
		BB5869CF2E4CA36300451966 /* Sources */ = {
			isa = PBXSourcesBuildPhase;
			buildActionMask = 2147483647;
			files = (
			);
			runOnlyForDeploymentPostprocessing = 0;
		};
		BB5869DE2E4CA36500451966 /* Sources */ = {
			isa = PBXSourcesBuildPhase;
			buildActionMask = 2147483647;
			files = (
			);
			runOnlyForDeploymentPostprocessing = 0;
		};
		BB5869E82E4CA36500451966 /* Sources */ = {
			isa = PBXSourcesBuildPhase;
			buildActionMask = 2147483647;
			files = (
			);
			runOnlyForDeploymentPostprocessing = 0;
		};
/* End PBXSourcesBuildPhase section */

/* Begin PBXTargetDependency section */
		BB5869E42E4CA36500451966 /* PBXTargetDependency */ = {
			isa = PBXTargetDependency;
			target = BB5869D22E4CA36300451966 /* Tik-tok-clone */;
			targetProxy = BB5869E32E4CA36500451966 /* PBXContainerItemProxy */;
		};
		BB5869EE2E4CA36500451966 /* PBXTargetDependency */ = {
			isa = PBXTargetDependency;
			target = BB5869D22E4CA36300451966 /* Tik-tok-clone */;
			targetProxy = BB5869ED2E4CA36500451966 /* PBXContainerItemProxy */;
		};
/* End PBXTargetDependency section */

/* Begin XCBuildConfiguration section */
		BB5869F42E4CA36500451966 /* Debug */ = {
			isa = XCBuildConfiguration;
			buildSettings = {
				ALWAYS_SEARCH_USER_PATHS = NO;
				ASSETCATALOG_COMPILER_GENERATE_SWIFT_ASSET_SYMBOL_EXTENSIONS = YES;
				CLANG_ANALYZER_NONNULL = YES;
				CLANG_ANALYZER_NUMBER_OBJECT_CONVERSION = YES_AGGRESSIVE;
				CLANG_CXX_LANGUAGE_STANDARD = "gnu++20";
				CLANG_ENABLE_MODULES = YES;
				CLANG_ENABLE_OBJC_ARC = YES;
				CLANG_ENABLE_OBJC_WEAK = YES;
				CLANG_WARN_BLOCK_CAPTURE_AUTORELEASING = YES;
				CLANG_WARN_BOOL_CONVERSION = YES;
				CLANG_WARN_COMMA = YES;
				CLANG_WARN_CONSTANT_CONVERSION = YES;
				CLANG_WARN_DEPRECATED_OBJC_IMPLEMENTATIONS = YES;
				CLANG_WARN_DIRECT_OBJC_ISA_USAGE = YES_ERROR;
				CLANG_WARN_DOCUMENTATION_COMMENTS = YES;
				CLANG_WARN_EMPTY_BODY = YES;
				CLANG_WARN_ENUM_CONVERSION = YES;
				CLANG_WARN_INFINITE_RECURSION = YES;
				CLANG_WARN_INT_CONVERSION = YES;
				CLANG_WARN_NON_LITERAL_NULL_CONVERSION = YES;
				CLANG_WARN_OBJC_IMPLICIT_RETAIN_SELF = YES;
				CLANG_WARN_OBJC_LITERAL_CONVERSION = YES;
				CLANG_WARN_OBJC_ROOT_CLASS = YES_ERROR;
				CLANG_WARN_QUOTED_INCLUDE_IN_FRAMEWORK_HEADER = YES;
				CLANG_WARN_RANGE_LOOP_ANALYSIS = YES;
				CLANG_WARN_STRICT_PROTOTYPES = YES;
				CLANG_WARN_SUSPICIOUS_MOVE = YES;
				CLANG_WARN_UNGUARDED_AVAILABILITY = YES_AGGRESSIVE;
				CLANG_WARN_UNREACHABLE_CODE = YES;
				CLANG_WARN__DUPLICATE_METHOD_MATCH = YES;
				COPY_PHASE_STRIP = NO;
				DEBUG_INFORMATION_FORMAT = dwarf;
				ENABLE_STRICT_OBJC_MSGSEND = YES;
				ENABLE_TESTABILITY = YES;
				ENABLE_USER_SCRIPT_SANDBOXING = YES;
				GCC_C_LANGUAGE_STANDARD = gnu17;
				GCC_DYNAMIC_NO_PIC = NO;
				GCC_NO_COMMON_BLOCKS = YES;
				GCC_OPTIMIZATION_LEVEL = 0;
				GCC_PREPROCESSOR_DEFINITIONS = (
					"DEBUG=1",
					"$(inherited)",
				);
				GCC_WARN_64_TO_32_BIT_CONVERSION = YES;
				GCC_WARN_ABOUT_RETURN_TYPE = YES_ERROR;
				GCC_WARN_UNDECLARED_SELECTOR = YES;
				GCC_WARN_UNINITIALIZED_AUTOS = YES_AGGRESSIVE;
				GCC_WARN_UNUSED_FUNCTION = YES;
				GCC_WARN_UNUSED_VARIABLE = YES;
				IPHONEOS_DEPLOYMENT_TARGET = 18.5;
				LOCALIZATION_PREFERS_STRING_CATALOGS = YES;
				MTL_ENABLE_DEBUG_INFO = INCLUDE_SOURCE;
				MTL_FAST_MATH = YES;
				ONLY_ACTIVE_ARCH = YES;
				SDKROOT = iphoneos;
				SWIFT_ACTIVE_COMPILATION_CONDITIONS = "DEBUG $(inherited)";
				SWIFT_OPTIMIZATION_LEVEL = "-Onone";
			};
			name = Debug;
		};
		BB5869F52E4CA36500451966 /* Release */ = {
			isa = XCBuildConfiguration;
			buildSettings = {
				ALWAYS_SEARCH_USER_PATHS = NO;
				ASSETCATALOG_COMPILER_GENERATE_SWIFT_ASSET_SYMBOL_EXTENSIONS = YES;
				CLANG_ANALYZER_NONNULL = YES;
				CLANG_ANALYZER_NUMBER_OBJECT_CONVERSION = YES_AGGRESSIVE;
				CLANG_CXX_LANGUAGE_STANDARD = "gnu++20";
				CLANG_ENABLE_MODULES = YES;
				CLANG_ENABLE_OBJC_ARC = YES;
				CLANG_ENABLE_OBJC_WEAK = YES;
				CLANG_WARN_BLOCK_CAPTURE_AUTORELEASING = YES;
				CLANG_WARN_BOOL_CONVERSION = YES;
				CLANG_WARN_COMMA = YES;
				CLANG_WARN_CONSTANT_CONVERSION = YES;
				CLANG_WARN_DEPRECATED_OBJC_IMPLEMENTATIONS = YES;
				CLANG_WARN_DIRECT_OBJC_ISA_USAGE = YES_ERROR;
				CLANG_WARN_DOCUMENTATION_COMMENTS = YES;
				CLANG_WARN_EMPTY_BODY = YES;
				CLANG_WARN_ENUM_CONVERSION = YES;
				CLANG_WARN_INFINITE_RECURSION = YES;
				CLANG_WARN_INT_CONVERSION = YES;
				CLANG_WARN_NON_LITERAL_NULL_CONVERSION = YES;
				CLANG_WARN_OBJC_IMPLICIT_RETAIN_SELF = YES;
				CLANG_WARN_OBJC_LITERAL_CONVERSION = YES;
				CLANG_WARN_OBJC_ROOT_CLASS = YES_ERROR;
				CLANG_WARN_QUOTED_INCLUDE_IN_FRAMEWORK_HEADER = YES;
				CLANG_WARN_RANGE_LOOP_ANALYSIS = YES;
				CLANG_WARN_STRICT_PROTOTYPES = YES;
				CLANG_WARN_SUSPICIOUS_MOVE = YES;
				CLANG_WARN_UNGUARDED_AVAILABILITY = YES_AGGRESSIVE;
				CLANG_WARN_UNREACHABLE_CODE = YES;
				CLANG_WARN__DUPLICATE_METHOD_MATCH = YES;
				COPY_PHASE_STRIP = NO;
				DEBUG_INFORMATION_FORMAT = "dwarf-with-dsym";
				ENABLE_NS_ASSERTIONS = NO;
				ENABLE_STRICT_OBJC_MSGSEND = YES;
				ENABLE_USER_SCRIPT_SANDBOXING = YES;
				GCC_C_LANGUAGE_STANDARD = gnu17;
				GCC_NO_COMMON_BLOCKS = YES;
				GCC_WARN_64_TO_32_BIT_CONVERSION = YES;
				GCC_WARN_ABOUT_RETURN_TYPE = YES_ERROR;
				GCC_WARN_UNDECLARED_SELECTOR = YES;
				GCC_WARN_UNINITIALIZED_AUTOS = YES_AGGRESSIVE;
				GCC_WARN_UNUSED_FUNCTION = YES;
				GCC_WARN_UNUSED_VARIABLE = YES;
				IPHONEOS_DEPLOYMENT_TARGET = 18.5;
				LOCALIZATION_PREFERS_STRING_CATALOGS = YES;
				MTL_ENABLE_DEBUG_INFO = NO;
				MTL_FAST_MATH = YES;
				SDKROOT = iphoneos;
				SWIFT_COMPILATION_MODE = wholemodule;
				VALIDATE_PRODUCT = YES;
			};
			name = Release;
		};
		BB5869F72E4CA36500451966 /* Debug */ = {
			isa = XCBuildConfiguration;
			buildSettings = {
				ASSETCATALOG_COMPILER_APPICON_NAME = AppIcon;
				ASSETCATALOG_COMPILER_GLOBAL_ACCENT_COLOR_NAME = AccentColor;
				CODE_SIGN_STYLE = Automatic;
				CURRENT_PROJECT_VERSION = 1;
				ENABLE_PREVIEWS = YES;
				GENERATE_INFOPLIST_FILE = YES;
				INFOPLIST_FILE = "Tik-tok-clone/Info.plist";
				INFOPLIST_KEY_UIApplicationSceneManifest_Generation = YES;
				INFOPLIST_KEY_UIApplicationSupportsIndirectInputEvents = YES;
				INFOPLIST_KEY_UILaunchScreen_Generation = YES;
				INFOPLIST_KEY_UISupportedInterfaceOrientations_iPad = "UIInterfaceOrientationPortrait UIInterfaceOrientationPortraitUpsideDown UIInterfaceOrientationLandscapeLeft UIInterfaceOrientationLandscapeRight";
				INFOPLIST_KEY_UISupportedInterfaceOrientations_iPhone = "UIInterfaceOrientationPortrait UIInterfaceOrientationLandscapeLeft UIInterfaceOrientationLandscapeRight";
				LD_RUNPATH_SEARCH_PATHS = (
					"$(inherited)",
					"@executable_path/Frameworks",
				);
				MARKETING_VERSION = 1.0;
				PRODUCT_BUNDLE_IDENTIFIER = "app.Tik-tok-clone";
				PRODUCT_NAME = "$(TARGET_NAME)";
				SUPPORTED_PLATFORMS = "iphoneos iphonesimulator";
				SUPPORTS_MACCATALYST = NO;
				SUPPORTS_MAC_DESIGNED_FOR_IPHONE_IPAD = NO;
				SUPPORTS_XR_DESIGNED_FOR_IPHONE_IPAD = NO;
				SWIFT_EMIT_LOC_STRINGS = YES;
				SWIFT_VERSION = 5.0;
				TARGETED_DEVICE_FAMILY = 1;
			};
			name = Debug;
		};
		BB5869F82E4CA36500451966 /* Release */ = {
			isa = XCBuildConfiguration;
			buildSettings = {
				ASSETCATALOG_COMPILER_APPICON_NAME = AppIcon;
				ASSETCATALOG_COMPILER_GLOBAL_ACCENT_COLOR_NAME = AccentColor;
				CODE_SIGN_STYLE = Automatic;
				CURRENT_PROJECT_VERSION = 1;
				ENABLE_PREVIEWS = YES;
				GENERATE_INFOPLIST_FILE = YES;
				INFOPLIST_FILE = "Tik-tok-clone/Info.plist";
				INFOPLIST_KEY_UIApplicationSceneManifest_Generation = YES;
				INFOPLIST_KEY_UIApplicationSupportsIndirectInputEvents = YES;
				INFOPLIST_KEY_UILaunchScreen_Generation = YES;
				INFOPLIST_KEY_UISupportedInterfaceOrientations_iPad = "UIInterfaceOrientationPortrait UIInterfaceOrientationPortraitUpsideDown UIInterfaceOrientationLandscapeLeft UIInterfaceOrientationLandscapeRight";
				INFOPLIST_KEY_UISupportedInterfaceOrientations_iPhone = "UIInterfaceOrientationPortrait UIInterfaceOrientationLandscapeLeft UIInterfaceOrientationLandscapeRight";
				LD_RUNPATH_SEARCH_PATHS = (
					"$(inherited)",
					"@executable_path/Frameworks",
				);
				MARKETING_VERSION = 1.0;
				PRODUCT_BUNDLE_IDENTIFIER = "app.Tik-tok-clone";
				PRODUCT_NAME = "$(TARGET_NAME)";
				SUPPORTED_PLATFORMS = "iphoneos iphonesimulator";
				SUPPORTS_MACCATALYST = NO;
				SUPPORTS_MAC_DESIGNED_FOR_IPHONE_IPAD = NO;
				SUPPORTS_XR_DESIGNED_FOR_IPHONE_IPAD = NO;
				SWIFT_EMIT_LOC_STRINGS = YES;
				SWIFT_VERSION = 5.0;
				TARGETED_DEVICE_FAMILY = 1;
			};
			name = Release;
		};
		BB5869FA2E4CA36500451966 /* Debug */ = {
			isa = XCBuildConfiguration;
			buildSettings = {
				BUNDLE_LOADER = "$(TEST_HOST)";
				CODE_SIGN_STYLE = Automatic;
				CURRENT_PROJECT_VERSION = 1;
				GENERATE_INFOPLIST_FILE = YES;
				IPHONEOS_DEPLOYMENT_TARGET = 18.5;
				MARKETING_VERSION = 1.0;
				PRODUCT_BUNDLE_IDENTIFIER = "app.Tik-tok-cloneTests";
				PRODUCT_NAME = "$(TARGET_NAME)";
				SWIFT_EMIT_LOC_STRINGS = NO;
				SWIFT_VERSION = 5.0;
				TARGETED_DEVICE_FAMILY = "1,2";
				TEST_HOST = "$(BUILT_PRODUCTS_DIR)/Tik-tok-clone.app/$(BUNDLE_EXECUTABLE_FOLDER_PATH)/Tik-tok-clone";
			};
			name = Debug;
		};
		BB5869FB2E4CA36500451966 /* Release */ = {
			isa = XCBuildConfiguration;
			buildSettings = {
				BUNDLE_LOADER = "$(TEST_HOST)";
				CODE_SIGN_STYLE = Automatic;
				CURRENT_PROJECT_VERSION = 1;
				GENERATE_INFOPLIST_FILE = YES;
				IPHONEOS_DEPLOYMENT_TARGET = 18.5;
				MARKETING_VERSION = 1.0;
				PRODUCT_BUNDLE_IDENTIFIER = "app.Tik-tok-cloneTests";
				PRODUCT_NAME = "$(TARGET_NAME)";
				SWIFT_EMIT_LOC_STRINGS = NO;
				SWIFT_VERSION = 5.0;
				TARGETED_DEVICE_FAMILY = "1,2";
				TEST_HOST = "$(BUILT_PRODUCTS_DIR)/Tik-tok-clone.app/$(BUNDLE_EXECUTABLE_FOLDER_PATH)/Tik-tok-clone";
			};
			name = Release;
		};
		BB5869FD2E4CA36500451966 /* Debug */ = {
			isa = XCBuildConfiguration;
			buildSettings = {
				CODE_SIGN_STYLE = Automatic;
				CURRENT_PROJECT_VERSION = 1;
				GENERATE_INFOPLIST_FILE = YES;
				MARKETING_VERSION = 1.0;
				PRODUCT_BUNDLE_IDENTIFIER = "app.Tik-tok-cloneUITests";
				PRODUCT_NAME = "$(TARGET_NAME)";
				SWIFT_EMIT_LOC_STRINGS = NO;
				SWIFT_VERSION = 5.0;
				TARGETED_DEVICE_FAMILY = "1,2";
				TEST_TARGET_NAME = "Tik-tok-clone";
			};
			name = Debug;
		};
		BB5869FE2E4CA36500451966 /* Release */ = {
			isa = XCBuildConfiguration;
			buildSettings = {
				CODE_SIGN_STYLE = Automatic;
				CURRENT_PROJECT_VERSION = 1;
				GENERATE_INFOPLIST_FILE = YES;
				MARKETING_VERSION = 1.0;
				PRODUCT_BUNDLE_IDENTIFIER = "app.Tik-tok-cloneUITests";
				PRODUCT_NAME = "$(TARGET_NAME)";
				SWIFT_EMIT_LOC_STRINGS = NO;
				SWIFT_VERSION = 5.0;
				TARGETED_DEVICE_FAMILY = "1,2";
				TEST_TARGET_NAME = "Tik-tok-clone";
			};
			name = Release;
		};
/* End XCBuildConfiguration section */

/* Begin XCConfigurationList section */
		BB5869CE2E4CA36300451966 /* Build configuration list for PBXProject "Tik-tok-clone" */ = {
			isa = XCConfigurationList;
			buildConfigurations = (
				BB5869F42E4CA36500451966 /* Debug */,
				BB5869F52E4CA36500451966 /* Release */,
			);
			defaultConfigurationIsVisible = 0;
			defaultConfigurationName = Release;
		};
		BB5869F62E4CA36500451966 /* Build configuration list for PBXNativeTarget "Tik-tok-clone" */ = {
			isa = XCConfigurationList;
			buildConfigurations = (
				BB5869F72E4CA36500451966 /* Debug */,
				BB5869F82E4CA36500451966 /* Release */,
			);
			defaultConfigurationIsVisible = 0;
			defaultConfigurationName = Release;
		};
		BB5869F92E4CA36500451966 /* Build configuration list for PBXNativeTarget "Tik-tok-cloneTests" */ = {
			isa = XCConfigurationList;
			buildConfigurations = (
				BB5869FA2E4CA36500451966 /* Debug */,
				BB5869FB2E4CA36500451966 /* Release */,
			);
			defaultConfigurationIsVisible = 0;
			defaultConfigurationName = Release;
		};
		BB5869FC2E4CA36500451966 /* Build configuration list for PBXNativeTarget "Tik-tok-cloneUITests" */ = {
			isa = XCConfigurationList;
			buildConfigurations = (
				BB5869FD2E4CA36500451966 /* Debug */,
				BB5869FE2E4CA36500451966 /* Release */,
			);
			defaultConfigurationIsVisible = 0;
			defaultConfigurationName = Release;
		};
/* End XCConfigurationList section */
	};
	rootObject = BB5869CB2E4CA36300451966 /* Project object */;
}
